# This file is automatically @generated by Cargo.
# It is not intended for manual editing.
version = 3

[[package]]
name = "libc"
version = "0.2.146"
source = "registry+https://github.com/rust-lang/crates.io-index"
checksum = "f92be4933c13fd498862a9e02a3055f8a8d9c039ce33db97306fd5a6caa7f29b"

[[package]]
name = "monopiped"
version = "0.1.0"
dependencies = [
 "popol",
]

[[package]]
name = "popol"
version = "3.0.0"
source = "registry+https://github.com/rust-lang/crates.io-index"
checksum = "93406933502e4446250941cf95d5e62851feb62a25b742acf7ffce96755c53e3"
dependencies = [
 "libc",
]
